// !$*UTF8*$!
{
	archiveVersion = 1;
	classes = {
	};
	objectVersion = 46;
	objects = {

/* Begin PBXBuildFile section */
		003302601A3CE8C80020ED0B /* main.m in Sources */ = {isa = PBXBuildFile; fileRef = 0033025F1A3CE8C80020ED0B /* main.m */; };
		003302631A3CE8C80020ED0B /* AppDelegate.m in Sources */ = {isa = PBXBuildFile; fileRef = 003302621A3CE8C80020ED0B /* AppDelegate.m */; };
		003302661A3CE8C80020ED0B /* ViewController.m in Sources */ = {isa = PBXBuildFile; fileRef = 003302651A3CE8C80020ED0B /* ViewController.m */; };
		003302691A3CE8C80020ED0B /* Main.storyboard in Resources */ = {isa = PBXBuildFile; fileRef = 003302671A3CE8C80020ED0B /* Main.storyboard */; };
		0033026B1A3CE8C80020ED0B /* Images.xcassets in Resources */ = {isa = PBXBuildFile; fileRef = 0033026A1A3CE8C80020ED0B /* Images.xcassets */; };
		0033026E1A3CE8C80020ED0B /* LaunchScreen.xib in Resources */ = {isa = PBXBuildFile; fileRef = 0033026C1A3CE8C80020ED0B /* LaunchScreen.xib */; };
		0033027A1A3CE8C80020ED0B /* rottentomatoesTests.m in Sources */ = {isa = PBXBuildFile; fileRef = 003302791A3CE8C80020ED0B /* rottentomatoesTests.m */; };
/* End PBXBuildFile section */

/* Begin PBXContainerItemProxy section */
		003302741A3CE8C80020ED0B /* PBXContainerItemProxy */ = {
			isa = PBXContainerItemProxy;
			containerPortal = 003302521A3CE8C80020ED0B /* Project object */;
			proxyType = 1;
			remoteGlobalIDString = 003302591A3CE8C80020ED0B;
			remoteInfo = rottentomatoes;
		};
/* End PBXContainerItemProxy section */

/* Begin PBXFileReference section */
		0033025A1A3CE8C80020ED0B /* rottentomatoes.app */ = {isa = PBXFileReference; explicitFileType = wrapper.application; includeInIndex = 0; path = rottentomatoes.app; sourceTree = BUILT_PRODUCTS_DIR; };
		0033025E1A3CE8C80020ED0B /* Info.plist */ = {isa = PBXFileReference; lastKnownFileType = text.plist.xml; path = Info.plist; sourceTree = "<group>"; };
		0033025F1A3CE8C80020ED0B /* main.m */ = {isa = PBXFileReference; lastKnownFileType = sourcecode.c.objc; path = main.m; sourceTree = "<group>"; };
		003302611A3CE8C80020ED0B /* AppDelegate.h */ = {isa = PBXFileReference; lastKnownFileType = sourcecode.c.h; path = AppDelegate.h; sourceTree = "<group>"; };
		003302621A3CE8C80020ED0B /* AppDelegate.m */ = {isa = PBXFileReference; lastKnownFileType = sourcecode.c.objc; path = AppDelegate.m; sourceTree = "<group>"; };
		003302641A3CE8C80020ED0B /* ViewController.h */ = {isa = PBXFileReference; lastKnownFileType = sourcecode.c.h; path = ViewController.h; sourceTree = "<group>"; };
		003302651A3CE8C80020ED0B /* ViewController.m */ = {isa = PBXFileReference; lastKnownFileType = sourcecode.c.objc; path = ViewController.m; sourceTree = "<group>"; };
		003302681A3CE8C80020ED0B /* Base */ = {isa = PBXFileReference; lastKnownFileType = file.storyboard; name = Base; path = Base.lproj/Main.storyboard; sourceTree = "<group>"; };
		0033026A1A3CE8C80020ED0B /* Images.xcassets */ = {isa = PBXFileReference; lastKnownFileType = folder.assetcatalog; path = Images.xcassets; sourceTree = "<group>"; };
		0033026D1A3CE8C80020ED0B /* Base */ = {isa = PBXFileReference; lastKnownFileType = file.xib; name = Base; path = Base.lproj/LaunchScreen.xib; sourceTree = "<group>"; };
		003302731A3CE8C80020ED0B /* rottentomatoesTests.xctest */ = {isa = PBXFileReference; explicitFileType = wrapper.cfbundle; includeInIndex = 0; path = rottentomatoesTests.xctest; sourceTree = BUILT_PRODUCTS_DIR; };
		003302781A3CE8C80020ED0B /* Info.plist */ = {isa = PBXFileReference; lastKnownFileType = text.plist.xml; path = Info.plist; sourceTree = "<group>"; };
		003302791A3CE8C80020ED0B /* rottentomatoesTests.m */ = {isa = PBXFileReference; lastKnownFileType = sourcecode.c.objc; path = rottentomatoesTests.m; sourceTree = "<group>"; };
/* End PBXFileReference section */

/* Begin PBXFrameworksBuildPhase section */
		003302571A3CE8C80020ED0B /* Frameworks */ = {
			isa = PBXFrameworksBuildPhase;
			buildActionMask = 2147483647;
			files = (
			);
			runOnlyForDeploymentPostprocessing = 0;
		};
		003302701A3CE8C80020ED0B /* Frameworks */ = {
			isa = PBXFrameworksBuildPhase;
			buildActionMask = 2147483647;
			files = (
			);
			runOnlyForDeploymentPostprocessing = 0;
		};
/* End PBXFrameworksBuildPhase section */

/* Begin PBXGroup section */
		003302511A3CE8C80020ED0B = {
			isa = PBXGroup;
			children = (
				0033025C1A3CE8C80020ED0B /* rottentomatoes */,
				003302761A3CE8C80020ED0B /* rottentomatoesTests */,
				0033025B1A3CE8C80020ED0B /* Products */,
			);
			sourceTree = "<group>";
		};
		0033025B1A3CE8C80020ED0B /* Products */ = {
			isa = PBXGroup;
			children = (
				0033025A1A3CE8C80020ED0B /* rottentomatoes.app */,
				003302731A3CE8C80020ED0B /* rottentomatoesTests.xctest */,
			);
			name = Products;
			sourceTree = "<group>";
		};
		0033025C1A3CE8C80020ED0B /* rottentomatoes */ = {
			isa = PBXGroup;
			children = (
				003302611A3CE8C80020ED0B /* AppDelegate.h */,
				003302621A3CE8C80020ED0B /* AppDelegate.m */,
				003302641A3CE8C80020ED0B /* ViewController.h */,
				003302651A3CE8C80020ED0B /* ViewController.m */,
				003302671A3CE8C80020ED0B /* Main.storyboard */,
				0033026A1A3CE8C80020ED0B /* Images.xcassets */,
				0033026C1A3CE8C80020ED0B /* LaunchScreen.xib */,
				0033025D1A3CE8C80020ED0B /* Supporting Files */,
			);
			path = rottentomatoes;
			sourceTree = "<group>";
		};
		0033025D1A3CE8C80020ED0B /* Supporting Files */ = {
			isa = PBXGroup;
			children = (
				0033025E1A3CE8C80020ED0B /* Info.plist */,
				0033025F1A3CE8C80020ED0B /* main.m */,
			);
			name = "Supporting Files";
			sourceTree = "<group>";
		};
		003302761A3CE8C80020ED0B /* rottentomatoesTests */ = {
			isa = PBXGroup;
			children = (
				003302791A3CE8C80020ED0B /* rottentomatoesTests.m */,
				003302771A3CE8C80020ED0B /* Supporting Files */,
			);
			path = rottentomatoesTests;
			sourceTree = "<group>";
		};
		003302771A3CE8C80020ED0B /* Supporting Files */ = {
			isa = PBXGroup;
			children = (
				003302781A3CE8C80020ED0B /* Info.plist */,
			);
			name = "Supporting Files";
			sourceTree = "<group>";
		};
/* End PBXGroup section */

/* Begin PBXNativeTarget section */
		003302591A3CE8C80020ED0B /* rottentomatoes */ = {
			isa = PBXNativeTarget;
			buildConfigurationList = 0033027D1A3CE8C80020ED0B /* Build configuration list for PBXNativeTarget "rottentomatoes" */;
			buildPhases = (
				003302561A3CE8C80020ED0B /* Sources */,
				003302571A3CE8C80020ED0B /* Frameworks */,
				003302581A3CE8C80020ED0B /* Resources */,
			);
			buildRules = (
			);
			dependencies = (
			);
			name = rottentomatoes;
			productName = rottentomatoes;
			productReference = 0033025A1A3CE8C80020ED0B /* rottentomatoes.app */;
			productType = "com.apple.product-type.application";
		};
		003302721A3CE8C80020ED0B /* rottentomatoesTests */ = {
			isa = PBXNativeTarget;
			buildConfigurationList = 003302801A3CE8C80020ED0B /* Build configuration list for PBXNativeTarget "rottentomatoesTests" */;
			buildPhases = (
				0033026F1A3CE8C80020ED0B /* Sources */,
				003302701A3CE8C80020ED0B /* Frameworks */,
				003302711A3CE8C80020ED0B /* Resources */,
			);
			buildRules = (
			);
			dependencies = (
				003302751A3CE8C80020ED0B /* PBXTargetDependency */,
			);
			name = rottentomatoesTests;
			productName = rottentomatoesTests;
			productReference = 003302731A3CE8C80020ED0B /* rottentomatoesTests.xctest */;
			productType = "com.apple.product-type.bundle.unit-test";
		};
/* End PBXNativeTarget section */

/* Begin PBXProject section */
		003302521A3CE8C80020ED0B /* Project object */ = {
			isa = PBXProject;
			attributes = {
				LastUpgradeCheck = 0610;
				ORGANIZATIONNAME = "ios development";
				TargetAttributes = {
					003302591A3CE8C80020ED0B = {
						CreatedOnToolsVersion = 6.1.1;
					};
					003302721A3CE8C80020ED0B = {
						CreatedOnToolsVersion = 6.1.1;
						TestTargetID = 003302591A3CE8C80020ED0B;
					};
				};
			};
			buildConfigurationList = 003302551A3CE8C80020ED0B /* Build configuration list for PBXProject "rottentomatoes" */;
			compatibilityVersion = "Xcode 3.2";
			developmentRegion = English;
			hasScannedForEncodings = 0;
			knownRegions = (
				en,
				Base,
			);
			mainGroup = 003302511A3CE8C80020ED0B;
			productRefGroup = 0033025B1A3CE8C80020ED0B /* Products */;
			projectDirPath = "";
			projectRoot = "";
			targets = (
				003302591A3CE8C80020ED0B /* rottentomatoes */,
				003302721A3CE8C80020ED0B /* rottentomatoesTests */,
			);
		};
/* End PBXProject section */

/* Begin PBXResourcesBuildPhase section */
		003302581A3CE8C80020ED0B /* Resources */ = {
			isa = PBXResourcesBuildPhase;
			buildActionMask = 2147483647;
			files = (
				003302691A3CE8C80020ED0B /* Main.storyboard in Resources */,
				0033026E1A3CE8C80020ED0B /* LaunchScreen.xib in Resources */,
				0033026B1A3CE8C80020ED0B /* Images.xcassets in Resources */,
			);
			runOnlyForDeploymentPostprocessing = 0;
		};
		003302711A3CE8C80020ED0B /* Resources */ = {
			isa = PBXResourcesBuildPhase;
			buildActionMask = 2147483647;
			files = (
			);
			runOnlyForDeploymentPostprocessing = 0;
		};
/* End PBXResourcesBuildPhase section */

/* Begin PBXSourcesBuildPhase section */
		003302561A3CE8C80020ED0B /* Sources */ = {
			isa = PBXSourcesBuildPhase;
			buildActionMask = 2147483647;
			files = (
				003302661A3CE8C80020ED0B /* ViewController.m in Sources */,
				003302631A3CE8C80020ED0B /* AppDelegate.m in Sources */,
				003302601A3CE8C80020ED0B /* main.m in Sources */,
			);
			runOnlyForDeploymentPostprocessing = 0;
		};
		0033026F1A3CE8C80020ED0B /* Sources */ = {
			isa = PBXSourcesBuildPhase;
			buildActionMask = 2147483647;
			files = (
				0033027A1A3CE8C80020ED0B /* rottentomatoesTests.m in Sources */,
			);
			runOnlyForDeploymentPostprocessing = 0;
		};
/* End PBXSourcesBuildPhase section */

/* Begin PBXTargetDependency section */
		003302751A3CE8C80020ED0B /* PBXTargetDependency */ = {
			isa = PBXTargetDependency;
			target = 003302591A3CE8C80020ED0B /* rottentomatoes */;
			targetProxy = 003302741A3CE8C80020ED0B /* PBXContainerItemProxy */;
		};
/* End PBXTargetDependency section */

/* Begin PBXVariantGroup section */
		003302671A3CE8C80020ED0B /* Main.storyboard */ = {
			isa = PBXVariantGroup;
			children = (
				003302681A3CE8C80020ED0B /* Base */,
			);
			name = Main.storyboard;
			sourceTree = "<group>";
		};
		0033026C1A3CE8C80020ED0B /* LaunchScreen.xib */ = {
			isa = PBXVariantGroup;
			children = (
				0033026D1A3CE8C80020ED0B /* Base */,
			);
			name = LaunchScreen.xib;
			sourceTree = "<group>";
		};
/* End PBXVariantGroup section */

/* Begin XCBuildConfiguration section */
		0033027B1A3CE8C80020ED0B /* Debug */ = {
			isa = XCBuildConfiguration;
			buildSettings = {
				ALWAYS_SEARCH_USER_PATHS = NO;
				CLANG_CXX_LANGUAGE_STANDARD = "gnu++0x";
				CLANG_CXX_LIBRARY = "libc++";
				CLANG_ENABLE_MODULES = YES;
				CLANG_ENABLE_OBJC_ARC = YES;
				CLANG_WARN_BOOL_CONVERSION = YES;
				CLANG_WARN_CONSTANT_CONVERSION = YES;
				CLANG_WARN_DIRECT_OBJC_ISA_USAGE = YES_ERROR;
				CLANG_WARN_EMPTY_BODY = YES;
				CLANG_WARN_ENUM_CONVERSION = YES;
				CLANG_WARN_INT_CONVERSION = YES;
				CLANG_WARN_OBJC_ROOT_CLASS = YES_ERROR;
				CLANG_WARN_UNREACHABLE_CODE = YES;
				CLANG_WARN__DUPLICATE_METHOD_MATCH = YES;
				"CODE_SIGN_IDENTITY[sdk=iphoneos*]" = "iPhone Developer";
				COPY_PHASE_STRIP = NO;
				ENABLE_STRICT_OBJC_MSGSEND = YES;
				GCC_C_LANGUAGE_STANDARD = gnu99;
				GCC_DYNAMIC_NO_PIC = NO;
				GCC_OPTIMIZATION_LEVEL = 0;
				GCC_PREPROCESSOR_DEFINITIONS = (
					"DEBUG=1",
					"$(inherited)",
				);
				GCC_SYMBOLS_PRIVATE_EXTERN = NO;
				GCC_WARN_64_TO_32_BIT_CONVERSION = YES;
				GCC_WARN_ABOUT_RETURN_TYPE = YES_ERROR;
				GCC_WARN_UNDECLARED_SELECTOR = YES;
				GCC_WARN_UNINITIALIZED_AUTOS = YES_AGGRESSIVE;
				GCC_WARN_UNUSED_FUNCTION = YES;
				GCC_WARN_UNUSED_VARIABLE = YES;
				IPHONEOS_DEPLOYMENT_TARGET = 8.1;
				MTL_ENABLE_DEBUG_INFO = YES;
				ONLY_ACTIVE_ARCH = YES;
				SDKROOT = iphoneos;
			};
			name = Debug;
		};
		0033027C1A3CE8C80020ED0B /* Release */ = {
			isa = XCBuildConfiguration;
			buildSettings = {
				ALWAYS_SEARCH_USER_PATHS = NO;
				CLANG_CXX_LANGUAGE_STANDARD = "gnu++0x";
				CLANG_CXX_LIBRARY = "libc++";
				CLANG_ENABLE_MODULES = YES;
				CLANG_ENABLE_OBJC_ARC = YES;
				CLANG_WARN_BOOL_CONVERSION = YES;
				CLANG_WARN_CONSTANT_CONVERSION = YES;
				CLANG_WARN_DIRECT_OBJC_ISA_USAGE = YES_ERROR;
				CLANG_WARN_EMPTY_BODY = YES;
				CLANG_WARN_ENUM_CONVERSION = YES;
				CLANG_WARN_INT_CONVERSION = YES;
				CLANG_WARN_OBJC_ROOT_CLASS = YES_ERROR;
				CLANG_WARN_UNREACHABLE_CODE = YES;
				CLANG_WARN__DUPLICATE_METHOD_MATCH = YES;
				"CODE_SIGN_IDENTITY[sdk=iphoneos*]" = "iPhone Developer";
				COPY_PHASE_STRIP = YES;
				ENABLE_NS_ASSERTIONS = NO;
				ENABLE_STRICT_OBJC_MSGSEND = YES;
				GCC_C_LANGUAGE_STANDARD = gnu99;
				GCC_WARN_64_TO_32_BIT_CONVERSION = YES;
				GCC_WARN_ABOUT_RETURN_TYPE = YES_ERROR;
				GCC_WARN_UNDECLARED_SELECTOR = YES;
				GCC_WARN_UNINITIALIZED_AUTOS = YES_AGGRESSIVE;
				GCC_WARN_UNUSED_FUNCTION = YES;
				GCC_WARN_UNUSED_VARIABLE = YES;
				IPHONEOS_DEPLOYMENT_TARGET = 8.1;
				MTL_ENABLE_DEBUG_INFO = NO;
				SDKROOT = iphoneos;
				VALIDATE_PRODUCT = YES;
			};
			name = Release;
		};
		0033027E1A3CE8C80020ED0B /* Debug */ = {
			isa = XCBuildConfiguration;
			buildSettings = {
				ASSETCATALOG_COMPILER_APPICON_NAME = AppIcon;
				INFOPLIST_FILE = rottentomatoes/Info.plist;
				LD_RUNPATH_SEARCH_PATHS = "$(inherited) @executable_path/Frameworks";
				PRODUCT_NAME = "$(TARGET_NAME)";
			};
			name = Debug;
		};
		0033027F1A3CE8C80020ED0B /* Release */ = {
			isa = XCBuildConfiguration;
			buildSettings = {
				ASSETCATALOG_COMPILER_APPICON_NAME = AppIcon;
				INFOPLIST_FILE = rottentomatoes/Info.plist;
				LD_RUNPATH_SEARCH_PATHS = "$(inherited) @executable_path/Frameworks";
				PRODUCT_NAME = "$(TARGET_NAME)";
			};
			name = Release;
		};
		003302811A3CE8C80020ED0B /* Debug */ = {
			isa = XCBuildConfiguration;
			buildSettings = {
				BUNDLE_LOADER = "$(TEST_HOST)";
				FRAMEWORK_SEARCH_PATHS = (
					"$(SDKROOT)/Developer/Library/Frameworks",
					"$(inherited)",
				);
				GCC_PREPROCESSOR_DEFINITIONS = (
					"DEBUG=1",
					"$(inherited)",
				);
				INFOPLIST_FILE = rottentomatoesTests/Info.plist;
				LD_RUNPATH_SEARCH_PATHS = "$(inherited) @executable_path/Frameworks @loader_path/Frameworks";
				PRODUCT_NAME = "$(TARGET_NAME)";
				TEST_HOST = "$(BUILT_PRODUCTS_DIR)/rottentomatoes.app/rottentomatoes";
			};
			name = Debug;
		};
		003302821A3CE8C80020ED0B /* Release */ = {
			isa = XCBuildConfiguration;
			buildSettings = {
				BUNDLE_LOADER = "$(TEST_HOST)";
				FRAMEWORK_SEARCH_PATHS = (
					"$(SDKROOT)/Developer/Library/Frameworks",
					"$(inherited)",
				);
				INFOPLIST_FILE = rottentomatoesTests/Info.plist;
				LD_RUNPATH_SEARCH_PATHS = "$(inherited) @executable_path/Frameworks @loader_path/Frameworks";
				PRODUCT_NAME = "$(TARGET_NAME)";
				TEST_HOST = "$(BUILT_PRODUCTS_DIR)/rottentomatoes.app/rottentomatoes";
			};
			name = Release;
		};
/* End XCBuildConfiguration section */

/* Begin XCConfigurationList section */
		003302551A3CE8C80020ED0B /* Build configuration list for PBXProject "rottentomatoes" */ = {
			isa = XCConfigurationList;
			buildConfigurations = (
				0033027B1A3CE8C80020ED0B /* Debug */,
				0033027C1A3CE8C80020ED0B /* Release */,
			);
			defaultConfigurationIsVisible = 0;
			defaultConfigurationName = Release;
		};
		0033027D1A3CE8C80020ED0B /* Build configuration list for PBXNativeTarget "rottentomatoes" */ = {
			isa = XCConfigurationList;
			buildConfigurations = (
				0033027E1A3CE8C80020ED0B /* Debug */,
				0033027F1A3CE8C80020ED0B /* Release */,
			);
			defaultConfigurationIsVisible = 0;
		};
		003302801A3CE8C80020ED0B /* Build configuration list for PBXNativeTarget "rottentomatoesTests" */ = {
			isa = XCConfigurationList;
			buildConfigurations = (
				003302811A3CE8C80020ED0B /* Debug */,
				003302821A3CE8C80020ED0B /* Release */,
			);
			defaultConfigurationIsVisible = 0;
		};
/* End XCConfigurationList section */
	};
	rootObject = 003302521A3CE8C80020ED0B /* Project object */;
}
